
Microsoft Visual Studio Solution File, Format Version 12.00
Project("{FAE04EC0-301F-11D3-BF4B-00C04F79EFBC}") = "Lab1", "Lab1\Lab1.csproj", "{90D0644E-3673-491D-A5C1-379085455C43}"
EndProject
Project("{FAE04EC0-301F-11D3-BF4B-00C04F79EFBC}") = "Lab3", "Lab3\Lab3.csproj", "{83A8FF31-C093-4253-A607-B6EE97B3E4A7}"
EndProject
Global
	GlobalSection(SolutionConfigurationPlatforms) = preSolution
		Debug|Any CPU = Debug|Any CPU
		Release|Any CPU = Release|Any CPU
	EndGlobalSection
	GlobalSection(ProjectConfigurationPlatforms) = postSolution
		{90D0644E-3673-491D-A5C1-379085455C43}.Debug|Any CPU.ActiveCfg = Debug|Any CPU
		{90D0644E-3673-491D-A5C1-379085455C43}.Debug|Any CPU.Build.0 = Debug|Any CPU
		{90D0644E-3673-491D-A5C1-379085455C43}.Release|Any CPU.ActiveCfg = Release|Any CPU
		{90D0644E-3673-491D-A5C1-379085455C43}.Release|Any CPU.Build.0 = Release|Any CPU
		{83A8FF31-C093-4253-A607-B6EE97B3E4A7}.Debug|Any CPU.ActiveCfg = Debug|Any CPU
		{83A8FF31-C093-4253-A607-B6EE97B3E4A7}.Debug|Any CPU.Build.0 = Debug|Any CPU
		{83A8FF31-C093-4253-A607-B6EE97B3E4A7}.Release|Any CPU.ActiveCfg = Release|Any CPU
		{83A8FF31-C093-4253-A607-B6EE97B3E4A7}.Release|Any CPU.Build.0 = Release|Any CPU
	EndGlobalSection
EndGlobal
